
Microsoft Visual Studio Solution File, Format Version 12.00
# Visual Studio Version 17
VisualStudioVersion = 17.7.34202.233
MinimumVisualStudioVersion = 10.0.40219.1
Project("{FAE04EC0-301F-11D3-BF4B-00C04F79EFBC}") = "BulkyWeb_Sadiq", "BulkyWeb_Sadiq\BulkyWeb_Sadiq.csproj", "{B105FCE3-277E-4BE3-85E9-5EBF8B7B6E4E}"
EndProject
Project("{FAE04EC0-301F-11D3-BF4B-00C04F79EFBC}") = "Bulky.DataAccess", "Bulky.DataAccess\Bulky.DataAccess.csproj", "{29FD0C77-9684-4EA2-9178-2A77F9710269}"
EndProject
Project("{FAE04EC0-301F-11D3-BF4B-00C04F79EFBC}") = "Bulky.Models", "Bulky.Models\Bulky.Models.csproj", "{3B577B9C-EE2A-40BD-9994-57C32F24DB09}"
EndProject
Project("{FAE04EC0-301F-11D3-BF4B-00C04F79EFBC}") = "Bulky.Utility", "Bulky.Utility\Bulky.Utility.csproj", "{951F6389-19AF-4D75-864D-33F2EBCEA2EE}"
EndProject
Global
	GlobalSection(SolutionConfigurationPlatforms) = preSolution
		Debug|Any CPU = Debug|Any CPU
		Release|Any CPU = Release|Any CPU
	EndGlobalSection
	GlobalSection(ProjectConfigurationPlatforms) = postSolution
		{B105FCE3-277E-4BE3-85E9-5EBF8B7B6E4E}.Debug|Any CPU.ActiveCfg = Debug|Any CPU
		{B105FCE3-277E-4BE3-85E9-5EBF8B7B6E4E}.Debug|Any CPU.Build.0 = Debug|Any CPU
		{B105FCE3-277E-4BE3-85E9-5EBF8B7B6E4E}.Release|Any CPU.ActiveCfg = Release|Any CPU
		{B105FCE3-277E-4BE3-85E9-5EBF8B7B6E4E}.Release|Any CPU.Build.0 = Release|Any CPU
		{29FD0C77-9684-4EA2-9178-2A77F9710269}.Debug|Any CPU.ActiveCfg = Debug|Any CPU
		{29FD0C77-9684-4EA2-9178-2A77F9710269}.Debug|Any CPU.Build.0 = Debug|Any CPU
		{29FD0C77-9684-4EA2-9178-2A77F9710269}.Release|Any CPU.ActiveCfg = Release|Any CPU
		{29FD0C77-9684-4EA2-9178-2A77F9710269}.Release|Any CPU.Build.0 = Release|Any CPU
		{3B577B9C-EE2A-40BD-9994-57C32F24DB09}.Debug|Any CPU.ActiveCfg = Debug|Any CPU
		{3B577B9C-EE2A-40BD-9994-57C32F24DB09}.Debug|Any CPU.Build.0 = Debug|Any CPU
		{3B577B9C-EE2A-40BD-9994-57C32F24DB09}.Release|Any CPU.ActiveCfg = Release|Any CPU
		{3B577B9C-EE2A-40BD-9994-57C32F24DB09}.Release|Any CPU.Build.0 = Release|Any CPU
		{951F6389-19AF-4D75-864D-33F2EBCEA2EE}.Debug|Any CPU.ActiveCfg = Debug|Any CPU
		{951F6389-19AF-4D75-864D-33F2EBCEA2EE}.Debug|Any CPU.Build.0 = Debug|Any CPU
		{951F6389-19AF-4D75-864D-33F2EBCEA2EE}.Release|Any CPU.ActiveCfg = Release|Any CPU
		{951F6389-19AF-4D75-864D-33F2EBCEA2EE}.Release|Any CPU.Build.0 = Release|Any CPU
	EndGlobalSection
	GlobalSection(SolutionProperties) = preSolution
		HideSolutionNode = FALSE
	EndGlobalSection
	GlobalSection(ExtensibilityGlobals) = postSolution
		SolutionGuid = {9CEF5059-C75F-4617-9C4B-142A70A8244B}
	EndGlobalSection
EndGlobal
